// !$*UTF8*$!
{
	archiveVersion = 1;
	classes = {
	};
	objectVersion = 50;
	objects = {

/* Begin PBXBuildFile section */
		DA1C6273279F6A4A00E9C7D7 /* Extensions.swift in Sources */ = {isa = PBXBuildFile; fileRef = DA1C6272279F6A4A00E9C7D7 /* Extensions.swift */; };
		DAD9A45F279F61BA001A59F3 /* AppDelegate.swift in Sources */ = {isa = PBXBuildFile; fileRef = DAD9A45E279F61BA001A59F3 /* AppDelegate.swift */; };
		DAD9A461279F61BA001A59F3 /* SceneDelegate.swift in Sources */ = {isa = PBXBuildFile; fileRef = DAD9A460279F61BA001A59F3 /* SceneDelegate.swift */; };
		DAD9A463279F61BA001A59F3 /* ConversationsViewController.swift in Sources */ = {isa = PBXBuildFile; fileRef = DAD9A462279F61BA001A59F3 /* ConversationsViewController.swift */; };
		DAD9A466279F61BA001A59F3 /* Main.storyboard in Resources */ = {isa = PBXBuildFile; fileRef = DAD9A464279F61BA001A59F3 /* Main.storyboard */; };
		DAD9A468279F61BA001A59F3 /* Assets.xcassets in Resources */ = {isa = PBXBuildFile; fileRef = DAD9A467279F61BA001A59F3 /* Assets.xcassets */; };
		DAD9A46B279F61BA001A59F3 /* LaunchScreen.storyboard in Resources */ = {isa = PBXBuildFile; fileRef = DAD9A469279F61BA001A59F3 /* LaunchScreen.storyboard */; };
		DAD9A479279F63B5001A59F3 /* LoginViewController.swift in Sources */ = {isa = PBXBuildFile; fileRef = DAD9A478279F63B5001A59F3 /* LoginViewController.swift */; };
		DAD9A47B279F63C1001A59F3 /* RegisterViewController.swift in Sources */ = {isa = PBXBuildFile; fileRef = DAD9A47A279F63C1001A59F3 /* RegisterViewController.swift */; };
		DAD9A47D279F63E4001A59F3 /* PhotoViewerViewController.swift in Sources */ = {isa = PBXBuildFile; fileRef = DAD9A47C279F63E4001A59F3 /* PhotoViewerViewController.swift */; };
		DAD9A47F279F63EF001A59F3 /* VideoPlayerViewController.swift in Sources */ = {isa = PBXBuildFile; fileRef = DAD9A47E279F63EF001A59F3 /* VideoPlayerViewController.swift */; };
		DAD9A481279F640F001A59F3 /* NewConversationViewController.swift in Sources */ = {isa = PBXBuildFile; fileRef = DAD9A480279F640F001A59F3 /* NewConversationViewController.swift */; };
		DAD9A483279F641C001A59F3 /* ProfileViewController.swift in Sources */ = {isa = PBXBuildFile; fileRef = DAD9A482279F641C001A59F3 /* ProfileViewController.swift */; };
/* End PBXBuildFile section */

/* Begin PBXFileReference section */
		DA1C6272279F6A4A00E9C7D7 /* Extensions.swift */ = {isa = PBXFileReference; lastKnownFileType = sourcecode.swift; path = Extensions.swift; sourceTree = "<group>"; };
		DAD9A45B279F61BA001A59F3 /* Missatge.app */ = {isa = PBXFileReference; explicitFileType = wrapper.application; includeInIndex = 0; path = Missatge.app; sourceTree = BUILT_PRODUCTS_DIR; };
		DAD9A45E279F61BA001A59F3 /* AppDelegate.swift */ = {isa = PBXFileReference; lastKnownFileType = sourcecode.swift; path = AppDelegate.swift; sourceTree = "<group>"; };
		DAD9A460279F61BA001A59F3 /* SceneDelegate.swift */ = {isa = PBXFileReference; lastKnownFileType = sourcecode.swift; path = SceneDelegate.swift; sourceTree = "<group>"; };
		DAD9A462279F61BA001A59F3 /* ConversationsViewController.swift */ = {isa = PBXFileReference; lastKnownFileType = sourcecode.swift; path = ConversationsViewController.swift; sourceTree = "<group>"; };
		DAD9A465279F61BA001A59F3 /* Base */ = {isa = PBXFileReference; lastKnownFileType = file.storyboard; name = Base; path = Base.lproj/Main.storyboard; sourceTree = "<group>"; };
		DAD9A467279F61BA001A59F3 /* Assets.xcassets */ = {isa = PBXFileReference; lastKnownFileType = folder.assetcatalog; path = Assets.xcassets; sourceTree = "<group>"; };
		DAD9A46A279F61BA001A59F3 /* Base */ = {isa = PBXFileReference; lastKnownFileType = file.storyboard; name = Base; path = Base.lproj/LaunchScreen.storyboard; sourceTree = "<group>"; };
		DAD9A46C279F61BA001A59F3 /* Info.plist */ = {isa = PBXFileReference; lastKnownFileType = text.plist.xml; path = Info.plist; sourceTree = "<group>"; };
		DAD9A478279F63B5001A59F3 /* LoginViewController.swift */ = {isa = PBXFileReference; lastKnownFileType = sourcecode.swift; path = LoginViewController.swift; sourceTree = "<group>"; };
		DAD9A47A279F63C1001A59F3 /* RegisterViewController.swift */ = {isa = PBXFileReference; lastKnownFileType = sourcecode.swift; path = RegisterViewController.swift; sourceTree = "<group>"; };
		DAD9A47C279F63E4001A59F3 /* PhotoViewerViewController.swift */ = {isa = PBXFileReference; lastKnownFileType = sourcecode.swift; path = PhotoViewerViewController.swift; sourceTree = "<group>"; };
		DAD9A47E279F63EF001A59F3 /* VideoPlayerViewController.swift */ = {isa = PBXFileReference; lastKnownFileType = sourcecode.swift; path = VideoPlayerViewController.swift; sourceTree = "<group>"; };
		DAD9A480279F640F001A59F3 /* NewConversationViewController.swift */ = {isa = PBXFileReference; lastKnownFileType = sourcecode.swift; path = NewConversationViewController.swift; sourceTree = "<group>"; };
		DAD9A482279F641C001A59F3 /* ProfileViewController.swift */ = {isa = PBXFileReference; lastKnownFileType = sourcecode.swift; path = ProfileViewController.swift; sourceTree = "<group>"; };
/* End PBXFileReference section */

/* Begin PBXFrameworksBuildPhase section */
		DAD9A458279F61BA001A59F3 /* Frameworks */ = {
			isa = PBXFrameworksBuildPhase;
			buildActionMask = 2147483647;
			files = (
			);
			runOnlyForDeploymentPostprocessing = 0;
		};
/* End PBXFrameworksBuildPhase section */

/* Begin PBXGroup section */
		DAD9A452279F61BA001A59F3 = {
			isa = PBXGroup;
			children = (
				DAD9A45D279F61BA001A59F3 /* Missatge */,
				DAD9A45C279F61BA001A59F3 /* Products */,
			);
			sourceTree = "<group>";
		};
		DAD9A45C279F61BA001A59F3 /* Products */ = {
			isa = PBXGroup;
			children = (
				DAD9A45B279F61BA001A59F3 /* Missatge.app */,
			);
			name = Products;
			sourceTree = "<group>";
		};
		DAD9A45D279F61BA001A59F3 /* Missatge */ = {
			isa = PBXGroup;
			children = (
				DAD9A476279F62A6001A59F3 /* Resources */,
				DAD9A475279F629C001A59F3 /* ViewModels */,
				DAD9A474279F6295001A59F3 /* Models */,
				DAD9A473279F628D001A59F3 /* Views */,
				DAD9A472279F6280001A59F3 /* Controllers */,
				DAD9A46C279F61BA001A59F3 /* Info.plist */,
			);
			path = Missatge;
			sourceTree = "<group>";
		};
		DAD9A472279F6280001A59F3 /* Controllers */ = {
			isa = PBXGroup;
			children = (
				DAD9A462279F61BA001A59F3 /* ConversationsViewController.swift */,
				DAD9A485279F64AF001A59F3 /* AuthControllers */,
				DAD9A47C279F63E4001A59F3 /* PhotoViewerViewController.swift */,
				DAD9A47E279F63EF001A59F3 /* VideoPlayerViewController.swift */,
				DAD9A480279F640F001A59F3 /* NewConversationViewController.swift */,
				DAD9A482279F641C001A59F3 /* ProfileViewController.swift */,
			);
			path = Controllers;
			sourceTree = "<group>";
		};
		DAD9A473279F628D001A59F3 /* Views */ = {
			isa = PBXGroup;
			children = (
				DAD9A477279F62D7001A59F3 /* Storyboards */,
				DAD9A467279F61BA001A59F3 /* Assets.xcassets */,
			);
			path = Views;
			sourceTree = "<group>";
		};
		DAD9A474279F6295001A59F3 /* Models */ = {
			isa = PBXGroup;
			children = (
			);
			path = Models;
			sourceTree = "<group>";
		};
		DAD9A475279F629C001A59F3 /* ViewModels */ = {
			isa = PBXGroup;
			children = (
			);
			path = ViewModels;
			sourceTree = "<group>";
		};
		DAD9A476279F62A6001A59F3 /* Resources */ = {
			isa = PBXGroup;
			children = (
				DAD9A45E279F61BA001A59F3 /* AppDelegate.swift */,
				DAD9A460279F61BA001A59F3 /* SceneDelegate.swift */,
				DA1C6272279F6A4A00E9C7D7 /* Extensions.swift */,
			);
			path = Resources;
			sourceTree = "<group>";
		};
		DAD9A477279F62D7001A59F3 /* Storyboards */ = {
			isa = PBXGroup;
			children = (
				DAD9A464279F61BA001A59F3 /* Main.storyboard */,
				DAD9A469279F61BA001A59F3 /* LaunchScreen.storyboard */,
			);
			path = Storyboards;
			sourceTree = "<group>";
		};
		DAD9A485279F64AF001A59F3 /* AuthControllers */ = {
			isa = PBXGroup;
			children = (
				DAD9A478279F63B5001A59F3 /* LoginViewController.swift */,
				DAD9A47A279F63C1001A59F3 /* RegisterViewController.swift */,
			);
			path = AuthControllers;
			sourceTree = "<group>";
		};
/* End PBXGroup section */

/* Begin PBXNativeTarget section */
		DAD9A45A279F61BA001A59F3 /* Missatge */ = {
			isa = PBXNativeTarget;
			buildConfigurationList = DAD9A46F279F61BA001A59F3 /* Build configuration list for PBXNativeTarget "Missatge" */;
			buildPhases = (
				DAD9A457279F61BA001A59F3 /* Sources */,
				DAD9A458279F61BA001A59F3 /* Frameworks */,
				DAD9A459279F61BA001A59F3 /* Resources */,
			);
			buildRules = (
			);
			dependencies = (
			);
			name = Missatge;
			productName = Missatge;
			productReference = DAD9A45B279F61BA001A59F3 /* Missatge.app */;
			productType = "com.apple.product-type.application";
		};
/* End PBXNativeTarget section */

/* Begin PBXProject section */
		DAD9A453279F61BA001A59F3 /* Project object */ = {
			isa = PBXProject;
			attributes = {
				LastSwiftUpdateCheck = 1250;
				LastUpgradeCheck = 1250;
				TargetAttributes = {
					DAD9A45A279F61BA001A59F3 = {
						CreatedOnToolsVersion = 12.5.1;
					};
				};
			};
			buildConfigurationList = DAD9A456279F61BA001A59F3 /* Build configuration list for PBXProject "Missatge" */;
			compatibilityVersion = "Xcode 9.3";
			developmentRegion = en;
			hasScannedForEncodings = 0;
			knownRegions = (
				en,
				Base,
			);
			mainGroup = DAD9A452279F61BA001A59F3;
			productRefGroup = DAD9A45C279F61BA001A59F3 /* Products */;
			projectDirPath = "";
			projectRoot = "";
			targets = (
				DAD9A45A279F61BA001A59F3 /* Missatge */,
			);
		};
/* End PBXProject section */

/* Begin PBXResourcesBuildPhase section */
		DAD9A459279F61BA001A59F3 /* Resources */ = {
			isa = PBXResourcesBuildPhase;
			buildActionMask = 2147483647;
			files = (
				DAD9A46B279F61BA001A59F3 /* LaunchScreen.storyboard in Resources */,
				DAD9A468279F61BA001A59F3 /* Assets.xcassets in Resources */,
				DAD9A466279F61BA001A59F3 /* Main.storyboard in Resources */,
			);
			runOnlyForDeploymentPostprocessing = 0;
		};
/* End PBXResourcesBuildPhase section */

/* Begin PBXSourcesBuildPhase section */
		DAD9A457279F61BA001A59F3 /* Sources */ = {
			isa = PBXSourcesBuildPhase;
			buildActionMask = 2147483647;
			files = (
				DAD9A479279F63B5001A59F3 /* LoginViewController.swift in Sources */,
				DAD9A47B279F63C1001A59F3 /* RegisterViewController.swift in Sources */,
				DAD9A481279F640F001A59F3 /* NewConversationViewController.swift in Sources */,
				DAD9A463279F61BA001A59F3 /* ConversationsViewController.swift in Sources */,
				DAD9A47F279F63EF001A59F3 /* VideoPlayerViewController.swift in Sources */,
				DA1C6273279F6A4A00E9C7D7 /* Extensions.swift in Sources */,
				DAD9A45F279F61BA001A59F3 /* AppDelegate.swift in Sources */,
				DAD9A483279F641C001A59F3 /* ProfileViewController.swift in Sources */,
				DAD9A461279F61BA001A59F3 /* SceneDelegate.swift in Sources */,
				DAD9A47D279F63E4001A59F3 /* PhotoViewerViewController.swift in Sources */,
			);
			runOnlyForDeploymentPostprocessing = 0;
		};
/* End PBXSourcesBuildPhase section */

/* Begin PBXVariantGroup section */
		DAD9A464279F61BA001A59F3 /* Main.storyboard */ = {
			isa = PBXVariantGroup;
			children = (
				DAD9A465279F61BA001A59F3 /* Base */,
			);
			name = Main.storyboard;
			sourceTree = "<group>";
		};
		DAD9A469279F61BA001A59F3 /* LaunchScreen.storyboard */ = {
			isa = PBXVariantGroup;
			children = (
				DAD9A46A279F61BA001A59F3 /* Base */,
			);
			name = LaunchScreen.storyboard;
			sourceTree = "<group>";
		};
/* End PBXVariantGroup section */

/* Begin XCBuildConfiguration section */
		DAD9A46D279F61BA001A59F3 /* Debug */ = {
			isa = XCBuildConfiguration;
			buildSettings = {
				ALWAYS_SEARCH_USER_PATHS = NO;
				CLANG_ANALYZER_NONNULL = YES;
				CLANG_ANALYZER_NUMBER_OBJECT_CONVERSION = YES_AGGRESSIVE;
				CLANG_CXX_LANGUAGE_STANDARD = "gnu++14";
				CLANG_CXX_LIBRARY = "libc++";
				CLANG_ENABLE_MODULES = YES;
				CLANG_ENABLE_OBJC_ARC = YES;
				CLANG_ENABLE_OBJC_WEAK = YES;
				CLANG_WARN_BLOCK_CAPTURE_AUTORELEASING = YES;
				CLANG_WARN_BOOL_CONVERSION = YES;
				CLANG_WARN_COMMA = YES;
				CLANG_WARN_CONSTANT_CONVERSION = YES;
				CLANG_WARN_DEPRECATED_OBJC_IMPLEMENTATIONS = YES;
				CLANG_WARN_DIRECT_OBJC_ISA_USAGE = YES_ERROR;
				CLANG_WARN_DOCUMENTATION_COMMENTS = YES;
				CLANG_WARN_EMPTY_BODY = YES;
				CLANG_WARN_ENUM_CONVERSION = YES;
				CLANG_WARN_INFINITE_RECURSION = YES;
				CLANG_WARN_INT_CONVERSION = YES;
				CLANG_WARN_NON_LITERAL_NULL_CONVERSION = YES;
				CLANG_WARN_OBJC_IMPLICIT_RETAIN_SELF = YES;
				CLANG_WARN_OBJC_LITERAL_CONVERSION = YES;
				CLANG_WARN_OBJC_ROOT_CLASS = YES_ERROR;
				CLANG_WARN_QUOTED_INCLUDE_IN_FRAMEWORK_HEADER = YES;
				CLANG_WARN_RANGE_LOOP_ANALYSIS = YES;
				CLANG_WARN_STRICT_PROTOTYPES = YES;
				CLANG_WARN_SUSPICIOUS_MOVE = YES;
				CLANG_WARN_UNGUARDED_AVAILABILITY = YES_AGGRESSIVE;
				CLANG_WARN_UNREACHABLE_CODE = YES;
				CLANG_WARN__DUPLICATE_METHOD_MATCH = YES;
				COPY_PHASE_STRIP = NO;
				DEBUG_INFORMATION_FORMAT = dwarf;
				ENABLE_STRICT_OBJC_MSGSEND = YES;
				ENABLE_TESTABILITY = YES;
				GCC_C_LANGUAGE_STANDARD = gnu11;
				GCC_DYNAMIC_NO_PIC = NO;
				GCC_NO_COMMON_BLOCKS = YES;
				GCC_OPTIMIZATION_LEVEL = 0;
				GCC_PREPROCESSOR_DEFINITIONS = (
					"DEBUG=1",
					"$(inherited)",
				);
				GCC_WARN_64_TO_32_BIT_CONVERSION = YES;
				GCC_WARN_ABOUT_RETURN_TYPE = YES_ERROR;
				GCC_WARN_UNDECLARED_SELECTOR = YES;
				GCC_WARN_UNINITIALIZED_AUTOS = YES_AGGRESSIVE;
				GCC_WARN_UNUSED_FUNCTION = YES;
				GCC_WARN_UNUSED_VARIABLE = YES;
				IPHONEOS_DEPLOYMENT_TARGET = 14.5;
				MTL_ENABLE_DEBUG_INFO = INCLUDE_SOURCE;
				MTL_FAST_MATH = YES;
				ONLY_ACTIVE_ARCH = YES;
				SDKROOT = iphoneos;
				SWIFT_ACTIVE_COMPILATION_CONDITIONS = DEBUG;
				SWIFT_OPTIMIZATION_LEVEL = "-Onone";
			};
			name = Debug;
		};
		DAD9A46E279F61BA001A59F3 /* Release */ = {
			isa = XCBuildConfiguration;
			buildSettings = {
				ALWAYS_SEARCH_USER_PATHS = NO;
				CLANG_ANALYZER_NONNULL = YES;
				CLANG_ANALYZER_NUMBER_OBJECT_CONVERSION = YES_AGGRESSIVE;
				CLANG_CXX_LANGUAGE_STANDARD = "gnu++14";
				CLANG_CXX_LIBRARY = "libc++";
				CLANG_ENABLE_MODULES = YES;
				CLANG_ENABLE_OBJC_ARC = YES;
				CLANG_ENABLE_OBJC_WEAK = YES;
				CLANG_WARN_BLOCK_CAPTURE_AUTORELEASING = YES;
				CLANG_WARN_BOOL_CONVERSION = YES;
				CLANG_WARN_COMMA = YES;
				CLANG_WARN_CONSTANT_CONVERSION = YES;
				CLANG_WARN_DEPRECATED_OBJC_IMPLEMENTATIONS = YES;
				CLANG_WARN_DIRECT_OBJC_ISA_USAGE = YES_ERROR;
				CLANG_WARN_DOCUMENTATION_COMMENTS = YES;
				CLANG_WARN_EMPTY_BODY = YES;
				CLANG_WARN_ENUM_CONVERSION = YES;
				CLANG_WARN_INFINITE_RECURSION = YES;
				CLANG_WARN_INT_CONVERSION = YES;
				CLANG_WARN_NON_LITERAL_NULL_CONVERSION = YES;
				CLANG_WARN_OBJC_IMPLICIT_RETAIN_SELF = YES;
				CLANG_WARN_OBJC_LITERAL_CONVERSION = YES;
				CLANG_WARN_OBJC_ROOT_CLASS = YES_ERROR;
				CLANG_WARN_QUOTED_INCLUDE_IN_FRAMEWORK_HEADER = YES;
				CLANG_WARN_RANGE_LOOP_ANALYSIS = YES;
				CLANG_WARN_STRICT_PROTOTYPES = YES;
				CLANG_WARN_SUSPICIOUS_MOVE = YES;
				CLANG_WARN_UNGUARDED_AVAILABILITY = YES_AGGRESSIVE;
				CLANG_WARN_UNREACHABLE_CODE = YES;
				CLANG_WARN__DUPLICATE_METHOD_MATCH = YES;
				COPY_PHASE_STRIP = NO;
				DEBUG_INFORMATION_FORMAT = "dwarf-with-dsym";
				ENABLE_NS_ASSERTIONS = NO;
				ENABLE_STRICT_OBJC_MSGSEND = YES;
				GCC_C_LANGUAGE_STANDARD = gnu11;
				GCC_NO_COMMON_BLOCKS = YES;
				GCC_WARN_64_TO_32_BIT_CONVERSION = YES;
				GCC_WARN_ABOUT_RETURN_TYPE = YES_ERROR;
				GCC_WARN_UNDECLARED_SELECTOR = YES;
				GCC_WARN_UNINITIALIZED_AUTOS = YES_AGGRESSIVE;
				GCC_WARN_UNUSED_FUNCTION = YES;
				GCC_WARN_UNUSED_VARIABLE = YES;
				IPHONEOS_DEPLOYMENT_TARGET = 14.5;
				MTL_ENABLE_DEBUG_INFO = NO;
				MTL_FAST_MATH = YES;
				SDKROOT = iphoneos;
				SWIFT_COMPILATION_MODE = wholemodule;
				SWIFT_OPTIMIZATION_LEVEL = "-O";
				VALIDATE_PRODUCT = YES;
			};
			name = Release;
		};
		DAD9A470279F61BA001A59F3 /* Debug */ = {
			isa = XCBuildConfiguration;
			buildSettings = {
				ASSETCATALOG_COMPILER_APPICON_NAME = AppIcon;
				ASSETCATALOG_COMPILER_GLOBAL_ACCENT_COLOR_NAME = AccentColor;
				CODE_SIGN_STYLE = Automatic;
				DEVELOPMENT_TEAM = U2GZC47BPR;
				INFOPLIST_FILE = Missatge/Info.plist;
				LD_RUNPATH_SEARCH_PATHS = (
					"$(inherited)",
					"@executable_path/Frameworks",
				);
				PRODUCT_BUNDLE_IDENTIFIER = com.erkansevim.Missatge;
				PRODUCT_NAME = "$(TARGET_NAME)";
				SWIFT_VERSION = 5.0;
				TARGETED_DEVICE_FAMILY = "1,2";
			};
			name = Debug;
		};
		DAD9A471279F61BA001A59F3 /* Release */ = {
			isa = XCBuildConfiguration;
			buildSettings = {
				ASSETCATALOG_COMPILER_APPICON_NAME = AppIcon;
				ASSETCATALOG_COMPILER_GLOBAL_ACCENT_COLOR_NAME = AccentColor;
				CODE_SIGN_STYLE = Automatic;
				DEVELOPMENT_TEAM = U2GZC47BPR;
				INFOPLIST_FILE = Missatge/Info.plist;
				LD_RUNPATH_SEARCH_PATHS = (
					"$(inherited)",
					"@executable_path/Frameworks",
				);
				PRODUCT_BUNDLE_IDENTIFIER = com.erkansevim.Missatge;
				PRODUCT_NAME = "$(TARGET_NAME)";
				SWIFT_VERSION = 5.0;
				TARGETED_DEVICE_FAMILY = "1,2";
			};
			name = Release;
		};
/* End XCBuildConfiguration section */

/* Begin XCConfigurationList section */
		DAD9A456279F61BA001A59F3 /* Build configuration list for PBXProject "Missatge" */ = {
			isa = XCConfigurationList;
			buildConfigurations = (
				DAD9A46D279F61BA001A59F3 /* Debug */,
				DAD9A46E279F61BA001A59F3 /* Release */,
			);
			defaultConfigurationIsVisible = 0;
			defaultConfigurationName = Release;
		};
		DAD9A46F279F61BA001A59F3 /* Build configuration list for PBXNativeTarget "Missatge" */ = {
			isa = XCConfigurationList;
			buildConfigurations = (
				DAD9A470279F61BA001A59F3 /* Debug */,
				DAD9A471279F61BA001A59F3 /* Release */,
			);
			defaultConfigurationIsVisible = 0;
			defaultConfigurationName = Release;
		};
/* End XCConfigurationList section */
	};
	rootObject = DAD9A453279F61BA001A59F3 /* Project object */;
}
